
Microsoft Visual Studio Solution File, Format Version 12.00
# Visual Studio Version 17
VisualStudioVersion = 17.7.34024.191
MinimumVisualStudioVersion = 10.0.40219.1
Project("{9A19103F-16F7-4668-BE54-9A1E7A4F7556}") = "Mosaic", "Mosaic\Mosaic.csproj", "{70730502-CF32-46C8-A564-5AB7F0F31A61}"
EndProject
Project("{FAE04EC0-301F-11D3-BF4B-00C04F79EFBC}") = "MosaicTesting", "MosaicTesting\MosaicTesting.csproj", "{2DC89884-2B91-49AF-BD4A-BA5C17FAF488}"
EndProject
Global
	GlobalSection(SolutionConfigurationPlatforms) = preSolution
		Debug|Any CPU = Debug|Any CPU
		Release|Any CPU = Release|Any CPU
	EndGlobalSection
	GlobalSection(ProjectConfigurationPlatforms) = postSolution
		{70730502-CF32-46C8-A564-5AB7F0F31A61}.Debug|Any CPU.ActiveCfg = Debug|Any CPU
		{70730502-CF32-46C8-A564-5AB7F0F31A61}.Debug|Any CPU.Build.0 = Debug|Any CPU
		{70730502-CF32-46C8-A564-5AB7F0F31A61}.Release|Any CPU.ActiveCfg = Release|Any CPU
		{70730502-CF32-46C8-A564-5AB7F0F31A61}.Release|Any CPU.Build.0 = Release|Any CPU
		{2DC89884-2B91-49AF-BD4A-BA5C17FAF488}.Debug|Any CPU.ActiveCfg = Debug|Any CPU
		{2DC89884-2B91-49AF-BD4A-BA5C17FAF488}.Debug|Any CPU.Build.0 = Debug|Any CPU
		{2DC89884-2B91-49AF-BD4A-BA5C17FAF488}.Release|Any CPU.ActiveCfg = Release|Any CPU
		{2DC89884-2B91-49AF-BD4A-BA5C17FAF488}.Release|Any CPU.Build.0 = Release|Any CPU
	EndGlobalSection
	GlobalSection(SolutionProperties) = preSolution
		HideSolutionNode = FALSE
	EndGlobalSection
	GlobalSection(ExtensibilityGlobals) = postSolution
		SolutionGuid = {BC892163-86C7-4973-BEB9-23637598FBF8}
	EndGlobalSection
EndGlobal
